lockfileVersion: '9.0'

settings:
  autoInstallPeers: true
  excludeLinksFromLockfile: false

importers:

  .:
    dependencies:
      dotenv:
        specifier: ^17.2.3
        version: 17.2.3

packages:

  dotenv@17.2.3:
    resolution: {integrity: sha512-JVUnt+DUIzu87TABbhPmNfVdBDt18BLOWjMUFJMSi/Qqg7NTYtabbvSNJGOJ7afbRuv9D/lngizHtP7QyLQ+9w==}
    engines: {node: '>=12'}

snapshots:

  dotenv@17.2.3: {}
