{
  "name": "yarn",
  "version": "1.0.0",
  "lockfileVersion": 1,
  "packageIntegrity": "sha512-4+lHSm8TaNvPyMeXgKHJuEJTZ7e9GkTnM2diAM0bJGwaayn7IfeF0M/COETD9Np6vuSjqraOuBlw+i5B2EYTKA==",
  "dependencies": {
    "lodash": {
      "version": "4.17.4",
      "resolved": "https://registry.npmjs.org/lodash/-/lodash-4.17.4.tgz",
      "integrity": "sha1-eCA6TRwyiuHYbcpkYONptX9AVa4="
    }
  }
}
