{
  "name": "node-buildpack-test-app",
  "version": "0.0.1",
  "lockfileVersion": 1,
  "requires": true,
  "dependencies": {
    "@heroku/linewrap": {
      "version": "1.0.0",
      "resolved": "https://registry.npmjs.org/@heroku/linewrap/-/linewrap-1.0.0.tgz",
      "integrity": "sha512-qPeQp2DnALUwWKaL6ZXfnOw/lHp+zNg5V8whx5c/Y10HMWYjuQFqKupgoJgyuEYjnvYwoZTarW280+aOXWQLCQ=="
    },
    "lodash": {
      "version": "2.4.2",
      "resolved": "https://registry.npmjs.org/lodash/-/lodash-2.4.2.tgz",
      "integrity": "sha1-+t2DS5aDBz2hebPq5tnA0VBT9z4=",
      "dev": true
    }
  }
}
