GEM
  remote: https://rubygems.org/
  specs:
    base64 (0.3.0)
    diff-lcs (1.6.2)
    excon (1.7.1)
      logger
    heroics (0.1.4)
      base64
      excon
      json
      moneta
      webrick
    heroku_hatchet (8.0.6)
      excon (< 2)
      platform-api (~> 3)
      rrrretry (~> 1)
      thor (~> 1)
      threaded (~> 0)
    json (3.0.2)
    logger (1.7.0)
    moneta (1.0.0)
    parallel (1.21.0)
    parallel_split_test (0.10.0)
      parallel (>= 0.5.13)
      rspec-core (>= 3.9.0)
    platform-api (3.9.1)
      heroics (~> 0.1.1)
      moneta (~> 1.0.0)
      rate_throttle_client (~> 0.1.0)
    rake (13.4.2)
    rate_throttle_client (0.1.2)
    rrrretry (1.0.0)
    rspec-core (3.13.6)
      rspec-support (~> 3.13.0)
    rspec-expectations (3.13.5)
      diff-lcs (>= 1.2.0, < 2.0)
      rspec-support (~> 3.13.0)
    rspec-retry (0.6.2)
      rspec-core (> 3.3)
    rspec-support (3.13.7)
    thor (1.5.0)
    threaded (0.0.4)
    webrick (1.9.2)

PLATFORMS
  ruby

DEPENDENCIES
  heroku_hatchet
  parallel_split_test
  rake
  rspec-expectations
  rspec-retry

BUNDLED WITH
   2.2.28
