GEM
  remote: https://rubygems.org/
  specs:
    base64 (0.3.0)
    diff-lcs (1.6.2)
    excon (1.7.1)
      logger
    heroics (0.1.4)
      base64
      excon
      json
      moneta
      webrick
    heroku_hatchet (8.0.6)
      excon (< 2)
      platform-api (~> 3)
      rrrretry (~> 1)
      thor (~> 1)
      threaded (~> 0)
    json (3.0.2)
    logger (1.7.0)
    moneta (1.0.0)
    parallel (2.2.0)
    parallel_split_test (0.10.0)
      parallel (>= 0.5.13)
      rspec-core (>= 3.9.0)
    platform-api (3.9.1)
      heroics (~> 0.1.1)
      moneta (~> 1.0.0)
      rate_throttle_client (~> 0.1.0)
    rake (13.4.2)
    rate_throttle_client (0.1.2)
    rrrretry (1.0.0)
    rspec-core (3.13.6)
      rspec-support (~> 3.13.0)
    rspec-expectations (3.13.5)
      diff-lcs (>= 1.2.0, < 2.0)
      rspec-support (~> 3.13.0)
    rspec-retry (0.6.2)
      rspec-core (> 3.3)
    rspec-support (3.13.7)
    thor (1.5.0)
    threaded (0.0.4)
    webrick (1.9.2)

PLATFORMS
  ruby

DEPENDENCIES
  heroku_hatchet
  parallel_split_test
  rake
  rspec-expectations
  rspec-retry

CHECKSUMS
  base64 (0.3.0) sha256=27337aeabad6ffae05c265c450490628ef3ebd4b67be58257393227588f5a97b
  bundler (4.0.20) sha256=7978a8ac648767f5e635bc522445b79e80a52b907a39a36c2d8085ed6bc762ae
  diff-lcs (1.6.2) sha256=9ae0d2cba7d4df3075fe8cd8602a8604993efc0dfa934cff568969efb1909962
  excon (1.7.1) sha256=dd2d870eece1b5ce4e4f9efd938e67a69ccd8c003c3825b638b937e1082eaac2
  heroics (0.1.4) sha256=8d843fb0a2cb55f36d1754d1f684e2e2685573ab90ff23dad122d30c66b7021c
  heroku_hatchet (8.0.6) sha256=886a7d7d686859db9fac19df1194a35c5349285956ca4d134054c5c376accea3
  json (3.0.2) sha256=8e6d7e7b11384c21230430cef90b71f14849a34a1f4452796670f7c981bd19df
  logger (1.7.0) sha256=196edec7cc44b66cfb40f9755ce11b392f21f7967696af15d274dde7edff0203
  moneta (1.0.0) sha256=2224e5a68156e8eceb525fb0582c8c4e0f29f67cae86507cdcfb406abbb1fc5d
  parallel (2.2.0) sha256=e1059c5fd7b649558a0aec38a769f06a42942bdb40503d005a59c352fe011cd8
  parallel_split_test (0.10.0) sha256=4abd6bedc6a1b169ecb93a1bf982fa7fbd437b66c360594d56d107c25f53b05f
  platform-api (3.9.1) sha256=771f8a2dd19136e9f2715c5fad6b5b2c628398216091f3e8bd5fe86b5f094a75
  rake (13.4.2) sha256=cb825b2bd5f1f8e91ca37bddb4b9aaf345551b4731da62949be002fa89283701
  rate_throttle_client (0.1.2) sha256=f9de968b892fea9272154f6182b4f5cfb74292585e66763fb8a8510181ec83ee
  rrrretry (1.0.0) sha256=3c60784501701a49d8ad499af7e76dbddf9a8be916beffe885bd0f443ad1c749
  rspec-core (3.13.6) sha256=a8823c6411667b60a8bca135364351dda34cd55e44ff94c4be4633b37d828b2d
  rspec-expectations (3.13.5) sha256=33a4d3a1d95060aea4c94e9f237030a8f9eae5615e9bd85718fe3a09e4b58836
  rspec-retry (0.6.2) sha256=6101ba23a38809811ae3484acde4ab481c54d846ac66d5037ccb40131a60d858
  rspec-support (3.13.7) sha256=0640e5570872aafefd79867901deeeeb40b0c9875a36b983d85f54fb7381c47c
  thor (1.5.0) sha256=e3a9e55fe857e44859ce104a84675ab6e8cd59c650a49106a05f55f136425e73
  threaded (0.0.4) sha256=8f32c11d29f7c7237aabeb36d286c15ac495137ce06ace3357de743aafd4f0e3
  webrick (1.9.2) sha256=beb4a15fc474defed24a3bda4ffd88a490d517c9e4e6118c3edce59e45864131

RUBY VERSION
  ruby 4.0.6

BUNDLED WITH
  4.0.20
