# This file is generated by running "yarn install" inside your project.
# Manual changes might be lost - proceed with caution!

__metadata:
  version: 7
  cacheKey: 9

"debug@npm:4.1.1":
  version: 4.1.1
  resolution: "debug@npm:4.1.1"
  dependencies:
    ms: "npm:^2.1.1"
  checksum: d2a5a370d13858fa8831d318a4f67d2381cf336e3eea3dcbdd4489c636ec332c4825d97e11d764593afb3caba2ca294d1f645468575826b30e00031248e0e817
  languageName: node
  linkType: hard

"lodash@npm:4.16.4":
  version: 4.16.4
  resolution: "lodash@npm:4.16.4"
  checksum: 7ed0ea4fab416a5c951ed26b1744570eb63947da219d74906d45311ddd7b799852c89c5572066f581993ffa4f391d422915184b2dbc7da6034a1bff52cd3e21c
  languageName: node
  linkType: hard

"ms@npm:^2.1.1":
  version: 2.1.3
  resolution: "ms@npm:2.1.3"
  checksum: 78c12f6b473a022ebacc393fc14b76fe40b8feda7218124b86c4684e440e10377a063bec1d3902df1f74714f02b74b36ad7d3a6de9e2fbffa26fc29e5ce018fc
  languageName: node
  linkType: hard

"typescript@npm:3.9.3":
  version: 3.9.3
  resolution: "typescript@npm:3.9.3"
  bin:
    tsc: bin/tsc
    tsserver: bin/tsserver
  checksum: 24e2d1d3072d1b816a61380a54f7d2ac50f246ff489a5bfb0375d09bb825c87dea3f4e2c068a9b63f0c321ec7ff993a8b58e33f4e5e71ded7dff16b75246c74f
  languageName: node
  linkType: hard

"typescript@patch:typescript@npm%3A3.9.3#optional!builtin<compat/typescript>":
  version: 3.9.3
  resolution: "typescript@patch:typescript@npm%3A3.9.3#optional!builtin<compat/typescript>::version=3.9.3&hash=701156"
  bin:
    tsc: bin/tsc
    tsserver: bin/tsserver
  checksum: 0f66dd2309d6273f9649d4f44e38acacb9e6cf720286b46d91821227967e32c7497e1cd8e8def28c648c6a98501d61068a3e1d4bae27fdf5f00ac0ab25cc7d0f
  languageName: node
  linkType: hard

"yarn-4@workspace:.":
  version: 0.0.0-use.local
  resolution: "yarn-4@workspace:."
  dependencies:
    debug: "npm:4.1.1"
    lodash: "npm:4.16.4"
    typescript: "npm:3.9.3"
  languageName: unknown
  linkType: soft
