# This file is generated by running "yarn install" inside your project.
# Manual changes might be lost - proceed with caution!

__metadata:
  version: 7
  cacheKey: 9

"@types/node@npm:16.11.26":
  version: 16.11.26
  resolution: "@types/node@npm:16.11.26"
  checksum: 8c7a9a6d0882d130cf4ab92149075919282c6b19342ea13f91b81601b1569a971d0e51ced82c375e846b8e93d39a659349ba840ce5e0ca077ace3678a86666bb
  languageName: node
  linkType: hard

"echo-cli@npm:2.0.0":
  version: 2.0.0
  resolution: "echo-cli@npm:2.0.0"
  dependencies:
    unescape-js: "npm:^1.0.3"
  bin:
    echo-cli: dist/index.js
  checksum: 93a888ffa5b09fd50eff90b38a6f395c51a1605b8d538deb80498799b8d9c9c02d8daf578577c5fe34f087a8b3f3b16852c9d26e78cfecd7e00b9cd859d4d4d0
  languageName: node
  linkType: hard

"string.fromcodepoint@npm:^0.2.1":
  version: 0.2.1
  resolution: "string.fromcodepoint@npm:0.2.1"
  checksum: 56752f506e4edd94643fce78ffdb8fe59bfe3870ef57e4316d970aa6d239be57427cf089db10a97c072877099255f558a6e3c32a29b472ef9bd810c68aebef2e
  languageName: node
  linkType: hard

"unescape-js@npm:^1.0.3":
  version: 1.1.4
  resolution: "unescape-js@npm:1.1.4"
  dependencies:
    string.fromcodepoint: "npm:^0.2.1"
  checksum: e4ad52435686db3c34423450c97f82e66317cb455c3dd72a0d35e47de312481daf904c3f2a06d72ff39001ac229b666c01ae5a3f311297a984823a1248b149d2
  languageName: node
  linkType: hard

"uuid@npm:9.0.0":
  version: 9.0.0
  resolution: "uuid@npm:9.0.0"
  bin:
    uuid: dist/bin/uuid
  checksum: e1f76aff372e430bb129157360fd4cd3b393411b245604ea78e178a822ab7874ec2ebecec03ce94422b0b80bbd24733c6fa1df166c9cbad5086ef4b4843140bb
  languageName: node
  linkType: hard

"yarn-4@workspace:.":
  version: 0.0.0-use.local
  resolution: "yarn-4@workspace:."
  dependencies:
    "@types/node": "npm:16.11.26"
    echo-cli: "npm:2.0.0"
    uuid: "npm:9.0.0"
  languageName: unknown
  linkType: soft
