# This file is generated by running "yarn install" inside your project.
# Manual changes might be lost - proceed with caution!

__metadata:
  version: 7
  cacheKey: 9

"debug@npm:^4.1.1":
  version: 4.3.4
  resolution: "debug@npm:4.3.4"
  dependencies:
    ms: "npm:2.1.2"
  peerDependenciesMeta:
    supports-color:
      optional: true
  checksum: ab50d98b6f2a0e803379e8f789017f4215efd0e085774623e462c691e9f99bfd359a35f7424ff401da3ea58b31f89ceebc9ea35779b4a94f78b0ee3e235b6640
  languageName: node
  linkType: hard

"lodash@npm:^4.16.4":
  version: 4.17.21
  resolution: "lodash@npm:4.17.21"
  checksum: 3ac18e92108d68f88429fcddee609e42cf2b653583d9bac22308815a4cd6b185b89a0ad0d9b0c670c371d9d6b61571a98fee6b36e1db14e52766ca253ed9cba0
  languageName: node
  linkType: hard

"ms@npm:2.1.2":
  version: 2.1.2
  resolution: "ms@npm:2.1.2"
  checksum: 3f46af60a08158f1c77746c06c2f6c7aba7feddafd41335f9baa2d7e0741d7539774aa7d5d1661a7f2b7eed55a7063771297eea016051924dbb04d4c2bf40bcb
  languageName: node
  linkType: hard

"typescript@npm:^3.9.3":
  version: 3.9.10
  resolution: "typescript@npm:3.9.10"
  bin:
    tsc: bin/tsc
    tsserver: bin/tsserver
  checksum: 2137104612d9b7544db57b0bd202d0f15f9d8d339070fe9af54ae9568bb774e62f666e51378a8c8c627d0fa7b635ac6060d7ff1f6bcb69734c981c29dd3dbea9
  languageName: node
  linkType: hard

"typescript@patch:typescript@npm%3A^3.9.3#optional!builtin<compat/typescript>":
  version: 3.9.10
  resolution: "typescript@patch:typescript@npm%3A3.9.10#optional!builtin<compat/typescript>::version=3.9.10&hash=701156"
  bin:
    tsc: bin/tsc
    tsserver: bin/tsserver
  checksum: 060f1bcb5c91a16d01b042974be047455b6471aceae5b17651119d0f690ddba45bdfcefdb92a05ca1563a6f0313f8dd63dc4e8cde0ebf221b3e6b435c32d0ddf
  languageName: node
  linkType: hard

"yarn-4@workspace:.":
  version: 0.0.0-use.local
  resolution: "yarn-4@workspace:."
  dependencies:
    debug: "npm:^4.1.1"
    lodash: "npm:^4.16.4"
    typescript: "npm:^3.9.3"
  languageName: unknown
  linkType: soft
