# This file is generated by running "yarn install" inside your project.
# Manual changes might be lost - proceed with caution!

__metadata:
  version: 4
  cacheKey: 5

"debug@npm:^4.1.1":
  version: 4.1.1
  resolution: "debug@npm:4.1.1"
  dependencies:
    ms: ^2.1.1
  checksum: 3601a6ce96e4698ed3edf0ee6e67ef0317adfcdae2f66a43b23d1b14e8888b422337429b16dbbcba6801e7bfa6cbb8de3128fbacfb8ae1cd9bd7615ea6baf970
  languageName: node
  linkType: hard

"lodash@npm:^4.16.4":
  version: 4.17.15
  resolution: "lodash@npm:4.17.15"
  checksum: aec3fbb7570aa67bda500b8299b1b1821d60646bede87f76a74dfcc7666ab3445267d734ec71424d70809d52ad67a1356fab5ab694a3faa1908d68e9d48f00f5
  languageName: node
  linkType: hard

"ms@npm:^2.1.1":
  version: 2.1.2
  resolution: "ms@npm:2.1.2"
  checksum: 9b65fb709bc30c0c07289dcbdb61ca032acbb9ea5698b55fa62e2cebb04c5953f1876a1f3f7f4bc2e91d4bf4d86003f3e207c3bc6ee2f716f99827e62389cd0e
  languageName: node
  linkType: hard

"yarn-2-without-cache@workspace:.":
  version: 0.0.0-use.local
  resolution: "yarn-2-without-cache@workspace:."
  dependencies:
    debug: ^4.1.1
    lodash: ^4.16.4
  languageName: unknown
  linkType: soft
