# This file is generated by running "yarn install" inside your project.
# Manual changes might be lost - proceed with caution!

__metadata:
  version: 4
  cacheKey: 7

"@types/node@npm:16.11.26":
  version: 16.11.26
  resolution: "@types/node@npm:16.11.26"
  checksum: 478d5c315f27813c1bc717b2c1ebe052d7030810107db9dd551e2d68a7ea89c50b2dcbab8fb9a0640b33e31733924983f33abf2092b8b097873ff5a9a4027d5e
  languageName: node
  linkType: hard

"echo-cli@npm:2.0.0":
  version: 2.0.0
  resolution: "echo-cli@npm:2.0.0"
  dependencies:
    unescape-js: ^1.0.3
  bin:
    echo-cli: dist/index.js
  checksum: 4fd169d4d4410f696716084d0618fa1a0b5eba5601ab4503863dd3392d805a565649d4aa95de29a06c48a46b2a4883c2775947c11e55bbf649a153cac52d1b2e
  languageName: node
  linkType: hard

"string.fromcodepoint@npm:^0.2.1":
  version: 0.2.1
  resolution: "string.fromcodepoint@npm:0.2.1"
  checksum: 715fe85fef97bc4e3d1830625457e063709a989f9e18892d79714e9a10a8b2e289fa3580712528ec6cbad9bf83f4059121998f27793e3aac3bba0ae7211d3fb9
  languageName: node
  linkType: hard

"unescape-js@npm:^1.0.3":
  version: 1.1.4
  resolution: "unescape-js@npm:1.1.4"
  dependencies:
    string.fromcodepoint: ^0.2.1
  checksum: 4891e05c1f220e3edc66960692168b24d2aa0ee80cf43a917190175d6b236be7272cf8739e186014e5d5af18c6c60a9e171dfc7ab72185c32f63103357130ba2
  languageName: node
  linkType: hard

"uuid@npm:9.0.0":
  version: 9.0.0
  resolution: "uuid@npm:9.0.0"
  bin:
    uuid: dist/bin/uuid
  checksum: 5a7f936a25dad15398521ae14412d70b278e1187f108f5c68c5af97138e61cc4c80dbb61ee194756f825e2f1e70d37095b9239b3fdf78f9d892b93ad30085e6a
  languageName: node
  linkType: hard

"yarn-2@workspace:.":
  version: 0.0.0-use.local
  resolution: "yarn-2@workspace:."
  dependencies:
    "@types/node": 16.11.26
    echo-cli: 2.0.0
    uuid: 9.0.0
  languageName: unknown
  linkType: soft
