# This file is generated by running "yarn install" inside your project.
# Manual changes might be lost - proceed with caution!

__metadata:
  version: 5
  cacheKey: 8

"accepts@npm:~1.3.7":
  version: 1.3.8
  resolution: "accepts@npm:1.3.8"
  dependencies:
    mime-types: ~2.1.34
    negotiator: 0.6.3
  checksum: 50c43d32e7b50285ebe84b613ee4a3aa426715a7d131b65b786e2ead0fd76b6b60091b9916d3478a75f11f162628a2139991b6c03ab3f1d9ab7c86075dc8eab4
  languageName: node
  linkType: hard

"array-flatten@npm:1.1.1":
  version: 1.1.1
  resolution: "array-flatten@npm:1.1.1"
  checksum: a9925bf3512d9dce202112965de90c222cd59a4fbfce68a0951d25d965cf44642931f40aac72309c41f12df19afa010ecadceb07cfff9ccc1621e99d89ab5f3b
  languageName: node
  linkType: hard

"body-parser@npm:1.19.1":
  version: 1.19.1
  resolution: "body-parser@npm:1.19.1"
  dependencies:
    bytes: 3.1.1
    content-type: ~1.0.4
    debug: 2.6.9
    depd: ~1.1.2
    http-errors: 1.8.1
    iconv-lite: 0.4.24
    on-finished: ~2.3.0
    qs: 6.9.6
    raw-body: 2.4.2
    type-is: ~1.6.18
  checksum: 9197a300a6580b8723c7b6b1e22cebd5ba47cd4a6fd45c153350efcde79293869ddee8d17d95fb52724812d649d89d62775faab072608d3243a0cbb00582234e
  languageName: node
  linkType: hard

"bytes@npm:3.1.1":
  version: 3.1.1
  resolution: "bytes@npm:3.1.1"
  checksum: 949ab99a385d6acf4d2c69f1afc618615dc905936e0b0b9aa94a9e94d722baaba44d6a0851536585a0892ae4d462b5a270ccb1b04c774640742cbde5538ca328
  languageName: node
  linkType: hard

"content-disposition@npm:0.5.4":
  version: 0.5.4
  resolution: "content-disposition@npm:0.5.4"
  dependencies:
    safe-buffer: 5.2.1
  checksum: afb9d545e296a5171d7574fcad634b2fdf698875f4006a9dd04a3e1333880c5c0c98d47b560d01216fb6505a54a2ba6a843ee3a02ec86d7e911e8315255f56c3
  languageName: node
  linkType: hard

"content-type@npm:~1.0.4":
  version: 1.0.4
  resolution: "content-type@npm:1.0.4"
  checksum: 3d93585fda985d1554eca5ebd251994327608d2e200978fdbfba21c0c679914d5faf266d17027de44b34a72c7b0745b18584ecccaa7e1fdfb6a68ac7114f12e0
  languageName: node
  linkType: hard

"cookie-signature@npm:1.0.6":
  version: 1.0.6
  resolution: "cookie-signature@npm:1.0.6"
  checksum: f4e1b0a98a27a0e6e66fd7ea4e4e9d8e038f624058371bf4499cfcd8f3980be9a121486995202ba3fca74fbed93a407d6d54d43a43f96fd28d0bd7a06761591a
  languageName: node
  linkType: hard

"cookie@npm:0.4.1":
  version: 0.4.1
  resolution: "cookie@npm:0.4.1"
  checksum: bd7c47f5d94ab70ccdfe8210cde7d725880d2fcda06d8e375afbdd82de0c8d3b73541996e9ce57d35f67f672c4ee6d60208adec06b3c5fc94cebb85196084cf8
  languageName: node
  linkType: hard

"debug@npm:2.6.9":
  version: 2.6.9
  resolution: "debug@npm:2.6.9"
  dependencies:
    ms: 2.0.0
  checksum: d2f51589ca66df60bf36e1fa6e4386b318c3f1e06772280eea5b1ae9fd3d05e9c2b7fd8a7d862457d00853c75b00451aa2d7459b924629ee385287a650f58fe6
  languageName: node
  linkType: hard

"depd@npm:~1.1.2":
  version: 1.1.2
  resolution: "depd@npm:1.1.2"
  checksum: 6b406620d269619852885ce15965272b829df6f409724415e0002c8632ab6a8c0a08ec1f0bd2add05dc7bd7507606f7e2cc034fa24224ab829580040b835ecd9
  languageName: node
  linkType: hard

"destroy@npm:~1.0.4":
  version: 1.0.4
  resolution: "destroy@npm:1.0.4"
  checksum: da9ab4961dc61677c709da0c25ef01733042614453924d65636a7db37308fef8a24cd1e07172e61173d471ca175371295fbc984b0af5b2b4ff47cd57bd784c03
  languageName: node
  linkType: hard

"ee-first@npm:1.1.1":
  version: 1.1.1
  resolution: "ee-first@npm:1.1.1"
  checksum: 1b4cac778d64ce3b582a7e26b218afe07e207a0f9bfe13cc7395a6d307849cfe361e65033c3251e00c27dd060cab43014c2d6b2647676135e18b77d2d05b3f4f
  languageName: node
  linkType: hard

"encodeurl@npm:~1.0.2":
  version: 1.0.2
  resolution: "encodeurl@npm:1.0.2"
  checksum: e50e3d508cdd9c4565ba72d2012e65038e5d71bdc9198cb125beb6237b5b1ade6c0d343998da9e170fb2eae52c1bed37d4d6d98a46ea423a0cddbed5ac3f780c
  languageName: node
  linkType: hard

"escape-html@npm:~1.0.3":
  version: 1.0.3
  resolution: "escape-html@npm:1.0.3"
  checksum: 6213ca9ae00d0ab8bccb6d8d4e0a98e76237b2410302cf7df70aaa6591d509a2a37ce8998008cbecae8fc8ffaadf3fb0229535e6a145f3ce0b211d060decbb24
  languageName: node
  linkType: hard

"etag@npm:~1.8.1":
  version: 1.8.1
  resolution: "etag@npm:1.8.1"
  checksum: 571aeb3dbe0f2bbd4e4fadbdb44f325fc75335cd5f6f6b6a091e6a06a9f25ed5392f0863c5442acb0646787446e816f13cbfc6edce5b07658541dff573cab1ff
  languageName: node
  linkType: hard

"express@npm:^4.17.2":
  version: 4.17.2
  resolution: "express@npm:4.17.2"
  dependencies:
    accepts: ~1.3.7
    array-flatten: 1.1.1
    body-parser: 1.19.1
    content-disposition: 0.5.4
    content-type: ~1.0.4
    cookie: 0.4.1
    cookie-signature: 1.0.6
    debug: 2.6.9
    depd: ~1.1.2
    encodeurl: ~1.0.2
    escape-html: ~1.0.3
    etag: ~1.8.1
    finalhandler: ~1.1.2
    fresh: 0.5.2
    merge-descriptors: 1.0.1
    methods: ~1.1.2
    on-finished: ~2.3.0
    parseurl: ~1.3.3
    path-to-regexp: 0.1.7
    proxy-addr: ~2.0.7
    qs: 6.9.6
    range-parser: ~1.2.1
    safe-buffer: 5.2.1
    send: 0.17.2
    serve-static: 1.14.2
    setprototypeof: 1.2.0
    statuses: ~1.5.0
    type-is: ~1.6.18
    utils-merge: 1.0.1
    vary: ~1.1.2
  checksum: 1535d56d20e65a1a39b5f056c025dd635290a744478ac69cc47633aeb4b2ce51458f8eb4080cfb7ba47c853ba5cfd794d404cff822a25127f1556b726ec3914a
  languageName: node
  linkType: hard

"finalhandler@npm:~1.1.2":
  version: 1.1.2
  resolution: "finalhandler@npm:1.1.2"
  dependencies:
    debug: 2.6.9
    encodeurl: ~1.0.2
    escape-html: ~1.0.3
    on-finished: ~2.3.0
    parseurl: ~1.3.3
    statuses: ~1.5.0
    unpipe: ~1.0.0
  checksum: 617880460c5138dd7ccfd555cb5dde4d8f170f4b31b8bd51e4b646bb2946c30f7db716428a1f2882d730d2b72afb47d1f67cc487b874cb15426f95753a88965e
  languageName: node
  linkType: hard

"forwarded@npm:0.2.0":
  version: 0.2.0
  resolution: "forwarded@npm:0.2.0"
  checksum: fd27e2394d8887ebd16a66ffc889dc983fbbd797d5d3f01087c020283c0f019a7d05ee85669383d8e0d216b116d720fc0cef2f6e9b7eb9f4c90c6e0bc7fd28e6
  languageName: node
  linkType: hard

"fresh@npm:0.5.2":
  version: 0.5.2
  resolution: "fresh@npm:0.5.2"
  checksum: 13ea8b08f91e669a64e3ba3a20eb79d7ca5379a81f1ff7f4310d54e2320645503cc0c78daedc93dfb6191287295f6479544a649c64d8e41a1c0fb0c221552346
  languageName: node
  linkType: hard

"http-errors@npm:1.8.1":
  version: 1.8.1
  resolution: "http-errors@npm:1.8.1"
  dependencies:
    depd: ~1.1.2
    inherits: 2.0.4
    setprototypeof: 1.2.0
    statuses: ">= 1.5.0 < 2"
    toidentifier: 1.0.1
  checksum: d3c7e7e776fd51c0a812baff570bdf06fe49a5dc448b700ab6171b1250e4cf7db8b8f4c0b133e4bfe2451022a5790c1ca6c2cae4094dedd6ac8304a1267f91d2
  languageName: node
  linkType: hard

"iconv-lite@npm:0.4.24":
  version: 0.4.24
  resolution: "iconv-lite@npm:0.4.24"
  dependencies:
    safer-buffer: ">= 2.1.2 < 3"
  checksum: bd9f120f5a5b306f0bc0b9ae1edeb1577161503f5f8252a20f1a9e56ef8775c9959fd01c55f2d3a39d9a8abaf3e30c1abeb1895f367dcbbe0a8fd1c9ca01c4f6
  languageName: node
  linkType: hard

"inherits@npm:2.0.4":
  version: 2.0.4
  resolution: "inherits@npm:2.0.4"
  checksum: 4a48a733847879d6cf6691860a6b1e3f0f4754176e4d71494c41f3475553768b10f84b5ce1d40fbd0e34e6bfbb864ee35858ad4dd2cf31e02fc4a154b724d7f1
  languageName: node
  linkType: hard

"ipaddr.js@npm:1.9.1":
  version: 1.9.1
  resolution: "ipaddr.js@npm:1.9.1"
  checksum: f88d3825981486f5a1942414c8d77dd6674dd71c065adcfa46f578d677edcb99fda25af42675cb59db492fdf427b34a5abfcde3982da11a8fd83a500b41cfe77
  languageName: node
  linkType: hard

"media-typer@npm:0.3.0":
  version: 0.3.0
  resolution: "media-typer@npm:0.3.0"
  checksum: af1b38516c28ec95d6b0826f6c8f276c58aec391f76be42aa07646b4e39d317723e869700933ca6995b056db4b09a78c92d5440dc23657e6764be5d28874bba1
  languageName: node
  linkType: hard

"merge-descriptors@npm:1.0.1":
  version: 1.0.1
  resolution: "merge-descriptors@npm:1.0.1"
  checksum: 5abc259d2ae25bb06d19ce2b94a21632583c74e2a9109ee1ba7fd147aa7362b380d971e0251069f8b3eb7d48c21ac839e21fa177b335e82c76ec172e30c31a26
  languageName: node
  linkType: hard

"methods@npm:~1.1.2":
  version: 1.1.2
  resolution: "methods@npm:1.1.2"
  checksum: 0917ff4041fa8e2f2fda5425a955fe16ca411591fbd123c0d722fcf02b73971ed6f764d85f0a6f547ce49ee0221ce2c19a5fa692157931cecb422984f1dcd13a
  languageName: node
  linkType: hard

"mime-db@npm:1.51.0":
  version: 1.51.0
  resolution: "mime-db@npm:1.51.0"
  checksum: 613b1ac9d6e725cc24444600b124a7f1ce6c60b1baa654f39a3e260d0995a6dffc5693190217e271af7e2a5612dae19f2a73f3e316707d797a7391165f7ef423
  languageName: node
  linkType: hard

"mime-types@npm:~2.1.24, mime-types@npm:~2.1.34":
  version: 2.1.34
  resolution: "mime-types@npm:2.1.34"
  dependencies:
    mime-db: 1.51.0
  checksum: 67013de9e9d6799bde6d669d18785b7e18bcd212e710d3e04a4727f92f67a8ad4e74aee24be28b685adb794944814bde649119b58ee3282ffdbee58f9278d9f3
  languageName: node
  linkType: hard

"mime@npm:1.6.0":
  version: 1.6.0
  resolution: "mime@npm:1.6.0"
  bin:
    mime: cli.js
  checksum: fef25e39263e6d207580bdc629f8872a3f9772c923c7f8c7e793175cee22777bbe8bba95e5d509a40aaa292d8974514ce634ae35769faa45f22d17edda5e8557
  languageName: node
  linkType: hard

"ms@npm:2.0.0":
  version: 2.0.0
  resolution: "ms@npm:2.0.0"
  checksum: 0e6a22b8b746d2e0b65a430519934fefd41b6db0682e3477c10f60c76e947c4c0ad06f63ffdf1d78d335f83edee8c0aa928aa66a36c7cd95b69b26f468d527f4
  languageName: node
  linkType: hard

"ms@npm:2.1.3":
  version: 2.1.3
  resolution: "ms@npm:2.1.3"
  checksum: aa92de608021b242401676e35cfa5aa42dd70cbdc082b916da7fb925c542173e36bce97ea3e804923fe92c0ad991434e4a38327e15a1b5b5f945d66df615ae6d
  languageName: node
  linkType: hard

"negotiator@npm:0.6.3":
  version: 0.6.3
  resolution: "negotiator@npm:0.6.3"
  checksum: b8ffeb1e262eff7968fc90a2b6767b04cfd9842582a9d0ece0af7049537266e7b2506dfb1d107a32f06dd849ab2aea834d5830f7f4d0e5cb7d36e1ae55d021d9
  languageName: node
  linkType: hard

"on-finished@npm:~2.3.0":
  version: 2.3.0
  resolution: "on-finished@npm:2.3.0"
  dependencies:
    ee-first: 1.1.1
  checksum: 1db595bd963b0124d6fa261d18320422407b8f01dc65863840f3ddaaf7bcad5b28ff6847286703ca53f4ec19595bd67a2f1253db79fc4094911ec6aa8df1671b
  languageName: node
  linkType: hard

"parseurl@npm:~1.3.3":
  version: 1.3.3
  resolution: "parseurl@npm:1.3.3"
  checksum: 407cee8e0a3a4c5cd472559bca8b6a45b82c124e9a4703302326e9ab60fc1081442ada4e02628efef1eb16197ddc7f8822f5a91fd7d7c86b51f530aedb17dfa2
  languageName: node
  linkType: hard

"path-to-regexp@npm:0.1.7":
  version: 0.1.7
  resolution: "path-to-regexp@npm:0.1.7"
  checksum: 69a14ea24db543e8b0f4353305c5eac6907917031340e5a8b37df688e52accd09e3cebfe1660b70d76b6bd89152f52183f28c74813dbf454ba1a01c82a38abce
  languageName: node
  linkType: hard

"proxy-addr@npm:~2.0.7":
  version: 2.0.7
  resolution: "proxy-addr@npm:2.0.7"
  dependencies:
    forwarded: 0.2.0
    ipaddr.js: 1.9.1
  checksum: 29c6990ce9364648255454842f06f8c46fcd124d3e6d7c5066df44662de63cdc0bad032e9bf5a3d653ff72141cc7b6019873d685708ac8210c30458ad99f2b74
  languageName: node
  linkType: hard

"qs@npm:6.9.6":
  version: 6.9.6
  resolution: "qs@npm:6.9.6"
  checksum: cb6df402bb8a3dbefa4bd46eba0dfca427079baca923e6b8d28a03e6bfb16a5c1dcdb96e69388f9c5813ac8ff17bb8bbca22f2ecd31fe1e344a55cb531b5fabf
  languageName: node
  linkType: hard

"range-parser@npm:~1.2.1":
  version: 1.2.1
  resolution: "range-parser@npm:1.2.1"
  checksum: 0a268d4fea508661cf5743dfe3d5f47ce214fd6b7dec1de0da4d669dd4ef3d2144468ebe4179049eff253d9d27e719c88dae55be64f954e80135a0cada804ec9
  languageName: node
  linkType: hard

"raw-body@npm:2.4.2":
  version: 2.4.2
  resolution: "raw-body@npm:2.4.2"
  dependencies:
    bytes: 3.1.1
    http-errors: 1.8.1
    iconv-lite: 0.4.24
    unpipe: 1.0.0
  checksum: c6f8d6a75c65c0a047f888cb29efc97f60fb36e950ba2cb31fefce694f98186e844a03367920faa7dc5bffaf33df08aee0b9dd935280e366439fa6492a5b163e
  languageName: node
  linkType: hard

"safe-buffer@npm:5.2.1":
  version: 5.2.1
  resolution: "safe-buffer@npm:5.2.1"
  checksum: b99c4b41fdd67a6aaf280fcd05e9ffb0813654894223afb78a31f14a19ad220bba8aba1cb14eddce1fcfb037155fe6de4e861784eb434f7d11ed58d1e70dd491
  languageName: node
  linkType: hard

"safer-buffer@npm:>= 2.1.2 < 3":
  version: 2.1.2
  resolution: "safer-buffer@npm:2.1.2"
  checksum: cab8f25ae6f1434abee8d80023d7e72b598cf1327164ddab31003c51215526801e40b66c5e65d658a0af1e9d6478cadcb4c745f4bd6751f97d8644786c0978b0
  languageName: node
  linkType: hard

"send@npm:0.17.2":
  version: 0.17.2
  resolution: "send@npm:0.17.2"
  dependencies:
    debug: 2.6.9
    depd: ~1.1.2
    destroy: ~1.0.4
    encodeurl: ~1.0.2
    escape-html: ~1.0.3
    etag: ~1.8.1
    fresh: 0.5.2
    http-errors: 1.8.1
    mime: 1.6.0
    ms: 2.1.3
    on-finished: ~2.3.0
    range-parser: ~1.2.1
    statuses: ~1.5.0
  checksum: c28f36deb4ccba9b8d6e6a1e472b8e7c40a1f51575bdf8f67303568cc9e71131faa3adc36fdb72611616ccad1584358bbe4c3ebf419e663ecc5de868ad3d3f03
  languageName: node
  linkType: hard

"serve-static@npm:1.14.2":
  version: 1.14.2
  resolution: "serve-static@npm:1.14.2"
  dependencies:
    encodeurl: ~1.0.2
    escape-html: ~1.0.3
    parseurl: ~1.3.3
    send: 0.17.2
  checksum: d97f3183b1dfcd8ce9c0e37e18e87fd31147ed6c8ee0b2c3a089d795e44ee851ca5061db01574f806d54f4e4b70bc694d9ca64578653514e04a28cbc97a1de05
  languageName: node
  linkType: hard

"setprototypeof@npm:1.2.0":
  version: 1.2.0
  resolution: "setprototypeof@npm:1.2.0"
  checksum: be18cbbf70e7d8097c97f713a2e76edf84e87299b40d085c6bf8b65314e994cc15e2e317727342fa6996e38e1f52c59720b53fe621e2eb593a6847bf0356db89
  languageName: node
  linkType: hard

"statuses@npm:>= 1.5.0 < 2, statuses@npm:~1.5.0":
  version: 1.5.0
  resolution: "statuses@npm:1.5.0"
  checksum: c469b9519de16a4bb19600205cffb39ee471a5f17b82589757ca7bd40a8d92ebb6ed9f98b5a540c5d302ccbc78f15dc03cc0280dd6e00df1335568a5d5758a5c
  languageName: node
  linkType: hard

"toidentifier@npm:1.0.1":
  version: 1.0.1
  resolution: "toidentifier@npm:1.0.1"
  checksum: 952c29e2a85d7123239b5cfdd889a0dde47ab0497f0913d70588f19c53f7e0b5327c95f4651e413c74b785147f9637b17410ac8c846d5d4a20a5a33eb6dc3a45
  languageName: node
  linkType: hard

"type-is@npm:~1.6.18":
  version: 1.6.18
  resolution: "type-is@npm:1.6.18"
  dependencies:
    media-typer: 0.3.0
    mime-types: ~2.1.24
  checksum: 2c8e47675d55f8b4e404bcf529abdf5036c537a04c2b20177bcf78c9e3c1da69da3942b1346e6edb09e823228c0ee656ef0e033765ec39a70d496ef601a0c657
  languageName: node
  linkType: hard

"unpipe@npm:1.0.0, unpipe@npm:~1.0.0":
  version: 1.0.0
  resolution: "unpipe@npm:1.0.0"
  checksum: 4fa18d8d8d977c55cb09715385c203197105e10a6d220087ec819f50cb68870f02942244f1017565484237f1f8c5d3cd413631b1ae104d3096f24fdfde1b4aa2
  languageName: node
  linkType: hard

"utils-merge@npm:1.0.1":
  version: 1.0.1
  resolution: "utils-merge@npm:1.0.1"
  checksum: c81095493225ecfc28add49c106ca4f09cdf56bc66731aa8dabc2edbbccb1e1bfe2de6a115e5c6a380d3ea166d1636410b62ef216bb07b3feb1cfde1d95d5080
  languageName: node
  linkType: hard

"vary@npm:~1.1.2":
  version: 1.1.2
  resolution: "vary@npm:1.1.2"
  checksum: ae0123222c6df65b437669d63dfa8c36cee20a504101b2fcd97b8bf76f91259c17f9f2b4d70a1e3c6bbcee7f51b28392833adb6b2770b23b01abec84e369660b
  languageName: node
  linkType: hard

"yarn2-modules-zero-install@workspace:.":
  version: 0.0.0-use.local
  resolution: "yarn2-modules-zero-install@workspace:."
  dependencies:
    express: ^4.17.2
  languageName: unknown
  linkType: soft
