# This file is generated by running "yarn install" inside your project.
# Manual changes might be lost - proceed with caution!

__metadata:
  version: 4

"lodash@npm:^4.16.4":
  version: 4.17.15
  resolution: "lodash@npm:4.17.15"
  checksum: b018ec8d4c95f14a4b57005a247eca1bc25639322939471a1958d3bc721b4f18e90edb6ea564854593a8bc1f94956a0352cf0cd372991b98c42d61c0cd11e5a3
  languageName: node
  linkType: hard

"yarn-2-node-modules@workspace:.":
  version: 0.0.0-use.local
  resolution: "yarn-2-node-modules@workspace:."
  dependencies:
    lodash: ^4.16.4
  languageName: unknown
  linkType: soft
