{
  "name": "flatmap-stream",
  "version": "1.0.0",
  "lockfileVersion": 1,
  "dependencies": {
    "flatmap-stream": {
      "version": "0.1.1",
      "resolved": "https://registry.npmjs.org/flatmap-stream/-/flatmap-stream-0.1.1.tgz",
      "integrity": "sha1-mDxroZk7WOroWZmKpof/6I34TBc="
    }
  }
}