{
  "name": "node-buildpack-test-app",
  "version": "0.0.1",
  "lockfileVersion": 1,
  "requires": true,
  "dependencies": {
    "@heroku/foreman": {
      "version": "2.0.2",
      "resolved": "https://registry.npmjs.org/@heroku/foreman/-/foreman-2.0.2.tgz",
      "integrity": "sha512-G4ZDnQbVnrwnWwlkfNGcGSeJHYqBoa9GZ0zMY2lXxvRE2/U4UPj420nRJwOluNYcNyMmqYJl8UY1OfaRUbZtnQ==",
      "requires": {
        "commander": "^2.11.0",
        "http-proxy": "^1.16.2",
        "mustache": "^2.2.1",
        "shell-quote": "^1.6.1"
      }
    },
    "commander": {
      "version": "2.20.3",
      "resolved": "https://registry.npmjs.org/commander/-/commander-2.20.3.tgz",
      "integrity": "sha512-GpVkmM8vF2vQUkj2LvZmD35JxeJOLCwJ9cUkugyk2nuhbv3+mJvpLYYt+0+USMxE+oj+ey/lJEnhZw75x/OMcQ=="
    },
    "eventemitter3": {
      "version": "4.0.7",
      "resolved": "https://registry.npmjs.org/eventemitter3/-/eventemitter3-4.0.7.tgz",
      "integrity": "sha512-8guHBZCwKnFhYdHr2ysuRWErTwhoN2X8XELRlrRwpmfeY2jjuUN4taQMsULKUVo1K4DvZl+0pgfyoysHxvmvEw=="
    },
    "follow-redirects": {
      "version": "1.13.2",
      "resolved": "https://registry.npmjs.org/follow-redirects/-/follow-redirects-1.13.2.tgz",
      "integrity": "sha512-6mPTgLxYm3r6Bkkg0vNM0HTjfGrOEtsfbhagQvbxDEsEkpNhw582upBaoRZylzen6krEmxXJgt9Ju6HiI4O7BA=="
    },
    "http-proxy": {
      "version": "1.18.1",
      "resolved": "https://registry.npmjs.org/http-proxy/-/http-proxy-1.18.1.tgz",
      "integrity": "sha512-7mz/721AbnJwIVbnaSv1Cz3Am0ZLT/UBwkC92VlxhXv/k/BBQfM2fXElQNC27BVGr0uwUpplYPQM9LnaBMR5NQ==",
      "requires": {
        "eventemitter3": "^4.0.0",
        "follow-redirects": "^1.0.0",
        "requires-port": "^1.0.0"
      }
    },
    "mustache": {
      "version": "2.3.2",
      "resolved": "https://registry.npmjs.org/mustache/-/mustache-2.3.2.tgz",
      "integrity": "sha512-KpMNwdQsYz3O/SBS1qJ/o3sqUJ5wSb8gb0pul8CO0S56b9Y2ALm8zCfsjPXsqGFfoNBkDwZuZIAjhsZI03gYVQ=="
    },
    "requires-port": {
      "version": "1.0.0",
      "resolved": "https://registry.npmjs.org/requires-port/-/requires-port-1.0.0.tgz",
      "integrity": "sha1-kl0mAdOaxIXgkc8NpcbmlNw9yv8="
    },
    "shell-quote": {
      "version": "1.7.2",
      "resolved": "https://registry.npmjs.org/shell-quote/-/shell-quote-1.7.2.tgz",
      "integrity": "sha512-mRz/m/JVscCrkMyPqHc/bczi3OQHkLTqXHEFu0zDhK/qfv3UcOA4SVmRCLmos4bhjr9ekVQubj/R7waKapmiQg=="
    }
  }
}
