# This file is generated by running "yarn install" inside your project.
# Manual changes might be lost - proceed with caution!

__metadata:
  version: 6
  cacheKey: 8

"debug@npm:^4.1.1":
  version: 4.3.4
  resolution: "debug@npm:4.3.4"
  dependencies:
    ms: 2.1.2
  peerDependenciesMeta:
    supports-color:
      optional: true
  checksum: 3dbad3f94ea64f34431a9cbf0bafb61853eda57bff2880036153438f50fb5a84f27683ba0d8e5426bf41a8c6ff03879488120cf5b3a761e77953169c0600a708
  languageName: node
  linkType: hard

"lodash@npm:^4.16.4":
  version: 4.17.21
  resolution: "lodash@npm:4.17.21"
  checksum: eb835a2e51d381e561e508ce932ea50a8e5a68f4ebdd771ea240d3048244a8d13658acbd502cd4829768c56f2e16bdd4340b9ea141297d472517b83868e677f7
  languageName: node
  linkType: hard

"ms@npm:2.1.2":
  version: 2.1.2
  resolution: "ms@npm:2.1.2"
  checksum: 673cdb2c3133eb050c745908d8ce632ed2c02d85640e2edb3ace856a2266a813b30c613569bf3354fdf4ea7d1a1494add3bfa95e2713baa27d0c2c71fc44f58f
  languageName: node
  linkType: hard

"typescript@npm:^3.9.3":
  version: 3.9.10
  resolution: "typescript@npm:3.9.10"
  bin:
    tsc: bin/tsc
    tsserver: bin/tsserver
  checksum: 46c842e2cd4797b88b66ef06c9c41dd21da48b95787072ccf39d5f2aa3124361bc4c966aa1c7f709fae0509614d76751455b5231b12dbb72eb97a31369e1ff92
  languageName: node
  linkType: hard

"typescript@patch:typescript@^3.9.3#~builtin<compat/typescript>":
  version: 3.9.10
  resolution: "typescript@patch:typescript@npm%3A3.9.10#~builtin<compat/typescript>::version=3.9.10&hash=701156"
  bin:
    tsc: bin/tsc
    tsserver: bin/tsserver
  checksum: dc7141ab555b23a8650a6787f98845fc11692063d02b75ff49433091b3af2fe3d773650dea18389d7c21f47d620fb3b110ea363dab4ab039417a6ccbbaf96fc2
  languageName: node
  linkType: hard

"yarn-3@workspace:.":
  version: 0.0.0-use.local
  resolution: "yarn-3@workspace:."
  dependencies:
    debug: ^4.1.1
    lodash: ^4.16.4
    typescript: ^3.9.3
  languageName: unknown
  linkType: soft
