# This file is generated by running "yarn install" inside your project.
# Manual changes might be lost - proceed with caution!

__metadata:
  version: 6
  cacheKey: 8

"@types/node@npm:16.11.26":
  version: 16.11.26
  resolution: "@types/node@npm:16.11.26"
  checksum: 57757caaba3f0d95de82198cb276a1002c49b710108c932a1d02d7c91ff2fa57cfe2dd19fde60853b6dd90b0964b3cf35557981d2628e20aed6a909057aedfe6
  languageName: node
  linkType: hard

"echo-cli@npm:2.0.0":
  version: 2.0.0
  resolution: "echo-cli@npm:2.0.0"
  dependencies:
    unescape-js: ^1.0.3
  bin:
    echo-cli: dist/index.js
  checksum: 81a056580ef80b05e1b834cbeebc0f6febb0a36f2c57d28cd93acd25f52ec54126afd84a766e32173d4d3534c6c85518a3f82ea001a6ae23c0e23767f8973906
  languageName: node
  linkType: hard

"string.fromcodepoint@npm:^0.2.1":
  version: 0.2.1
  resolution: "string.fromcodepoint@npm:0.2.1"
  checksum: 6ba80f70c3e2a36dab87f5d68168936403295a73838564e701f5c861d397d77d9e97b0e2aa0f3c163a25a96c785dcc2145452b220753fb7b3e6c6fe431c9c411
  languageName: node
  linkType: hard

"unescape-js@npm:^1.0.3":
  version: 1.1.4
  resolution: "unescape-js@npm:1.1.4"
  dependencies:
    string.fromcodepoint: ^0.2.1
  checksum: 97acf60a8f6c170f8a66b48b71f5c56bda728c2ff6b08c3443c5f21635bf5fa38a4265bcfcf46d17cb6ac9bbb8b913a34b1abc5cfe8db5d7cc5c8eecb1817472
  languageName: node
  linkType: hard

"uuid@npm:9.0.0":
  version: 9.0.0
  resolution: "uuid@npm:9.0.0"
  bin:
    uuid: dist/bin/uuid
  checksum: 8dd2c83c43ddc7e1c71e36b60aea40030a6505139af6bee0f382ebcd1a56f6cd3028f7f06ffb07f8cf6ced320b76aea275284b224b002b289f89fe89c389b028
  languageName: node
  linkType: hard

"yarn-3@workspace:.":
  version: 0.0.0-use.local
  resolution: "yarn-3@workspace:."
  dependencies:
    "@types/node": 16.11.26
    echo-cli: 2.0.0
    uuid: 9.0.0
  languageName: unknown
  linkType: soft
