# This file is generated by running "yarn install" inside your project.
# Manual changes might be lost - proceed with caution!

__metadata:
  version: 6
  cacheKey: 8

"@types/node@npm:^16.0.0":
  version: 16.11.26
  resolution: "@types/node@npm:16.11.26"
  checksum: 57757caaba3f0d95de82198cb276a1002c49b710108c932a1d02d7c91ff2fa57cfe2dd19fde60853b6dd90b0964b3cf35557981d2628e20aed6a909057aedfe6
  languageName: node
  linkType: hard

"echo-cli@npm:2.0.0":
  version: 2.0.0
  resolution: "echo-cli@npm:2.0.0"
  dependencies:
    unescape-js: ^1.0.3
  bin:
    echo-cli: dist/index.js
  checksum: 81a056580ef80b05e1b834cbeebc0f6febb0a36f2c57d28cd93acd25f52ec54126afd84a766e32173d4d3534c6c85518a3f82ea001a6ae23c0e23767f8973906
  languageName: node
  linkType: hard

"string.fromcodepoint@npm:^0.2.1":
  version: 0.2.1
  resolution: "string.fromcodepoint@npm:0.2.1"
  checksum: 6ba80f70c3e2a36dab87f5d68168936403295a73838564e701f5c861d397d77d9e97b0e2aa0f3c163a25a96c785dcc2145452b220753fb7b3e6c6fe431c9c411
  languageName: node
  linkType: hard

"typescript@npm:4.6.3":
  version: 4.6.3
  resolution: "typescript@npm:4.6.3"
  bin:
    tsc: bin/tsc
    tsserver: bin/tsserver
  checksum: 255bb26c8cb846ca689dd1c3a56587af4f69055907aa2c154796ea28ee0dea871535b1c78f85a6212c77f2657843a269c3a742d09d81495b97b914bf7920415b
  languageName: node
  linkType: hard

"typescript@patch:typescript@4.6.3#~builtin<compat/typescript>":
  version: 4.6.3
  resolution: "typescript@patch:typescript@npm%3A4.6.3#~builtin<compat/typescript>::version=4.6.3&hash=bda367"
  bin:
    tsc: bin/tsc
    tsserver: bin/tsserver
  checksum: 6bf45caf847062420592e711bc9c28bf5f9a9a7fa8245343b81493e4ededae33f1774009d1234d911422d1646a2c839f44e1a23ecb111b40a60ac2ea4c1482a8
  languageName: node
  linkType: hard

"unescape-js@npm:^1.0.3":
  version: 1.1.4
  resolution: "unescape-js@npm:1.1.4"
  dependencies:
    string.fromcodepoint: ^0.2.1
  checksum: 97acf60a8f6c170f8a66b48b71f5c56bda728c2ff6b08c3443c5f21635bf5fa38a4265bcfcf46d17cb6ac9bbb8b913a34b1abc5cfe8db5d7cc5c8eecb1817472
  languageName: node
  linkType: hard

"using-node-modules-linker@workspace:.":
  version: 0.0.0-use.local
  resolution: "using-node-modules-linker@workspace:."
  dependencies:
    "@types/node": ^16.0.0
    echo-cli: 2.0.0
    typescript: 4.6.3
  languageName: unknown
  linkType: soft
