# This file is generated by running "yarn install" inside your project.
# Manual changes might be lost - proceed with caution!

__metadata:
  version: 4
  cacheKey: 5

"debug@npm:^4.1.1":
  version: 4.2.0
  resolution: "debug@npm:4.2.0"
  dependencies:
    ms: 2.1.2
  peerDependencies:
    supports-color: "*"
  peerDependenciesMeta:
    supports-color:
      optional: true
  checksum: dcfb8ede26b4d899628a75806923ab9ad29daae7db0f6f1ca6227b660693ae0ca085c7f87261793abe0832ad56aff2afc33f907c6b5dc96a41fc208771feb465
  languageName: node
  linkType: hard

"lodash@npm:^4.16.4":
  version: 4.17.19
  resolution: "lodash@npm:4.17.19"
  checksum: ff2b7a95f0129dba9101e346d44e0eda0f159d76bbbf23721eec1969b87a32bde3de0cfef0733218c64620e9be08040a973278d46a686540233b356115f3527c
  languageName: node
  linkType: hard

"ms@npm:2.1.2":
  version: 2.1.2
  resolution: "ms@npm:2.1.2"
  checksum: 9b65fb709bc30c0c07289dcbdb61ca032acbb9ea5698b55fa62e2cebb04c5953f1876a1f3f7f4bc2e91d4bf4d86003f3e207c3bc6ee2f716f99827e62389cd0e
  languageName: node
  linkType: hard

typescript@^3.9.3:
  version: 3.9.7
  resolution: "typescript@npm:3.9.7"
  bin:
    tsc: bin/tsc
    tsserver: bin/tsserver
  checksum: 10848a9c35fd8c70a8792b8bd9485317534bcd58768793d3b7d9c7486e9fd30cf345f83fa2a324e0bf6088bc8a4d8d061d58fda38b18c2ff187cf01fbbff6267
  languageName: node
  linkType: hard

"typescript@patch:typescript@^3.9.3#builtin<compat/typescript>":
  version: 3.9.7
  resolution: "typescript@patch:typescript@npm%3A3.9.7#builtin<compat/typescript>::version=3.9.7&hash=5b02a2"
  bin:
    tsc: bin/tsc
    tsserver: bin/tsserver
  checksum: f0d3d9c987860c7c458229ab6dd7e3d322405db36b70abccba610b5efd9f9451e4e67a3fc7983c0d3741033c1f1a8d7aa859a1510caa8f20fad762fc39648bfa
  languageName: node
  linkType: hard

"yarn-2-with-node-modules@workspace:.":
  version: 0.0.0-use.local
  resolution: "yarn-2-with-node-modules@workspace:."
  dependencies:
    debug: ^4.1.1
    lodash: ^4.16.4
    typescript: ^3.9.3
  languageName: unknown
  linkType: soft
