# This file is generated by running "yarn install" inside your project.
# Manual changes might be lost - proceed with caution!

__metadata:
  version: 8
  cacheKey: 10c0

"@types/node@npm:16.11.26":
  version: 16.11.26
  resolution: "@types/node@npm:16.11.26"
  checksum: 10c0/9e26dc087b32c2f47dcc7cc67db2ce35b44504515953ebc0c7f6c6cb030a273823dcd61e71ab0b0571e358e57315fe5aa5eb46c7aace1969c2e307a0c5b47572
  languageName: node
  linkType: hard

"echo-cli@npm:2.0.0":
  version: 2.0.0
  resolution: "echo-cli@npm:2.0.0"
  dependencies:
    unescape-js: "npm:^1.0.3"
  bin:
    echo-cli: dist/index.js
  checksum: 10c0/5e5d6394b2e50960e09476af048cb8d4bb58c18b7d7fdff3b74f01009b035d8e09562f2ca268d861fee467e6eaf0f5cfb0a322a9fa36ac7951d6238a1340a00f
  languageName: node
  linkType: hard

"string.fromcodepoint@npm:^0.2.1":
  version: 0.2.1
  resolution: "string.fromcodepoint@npm:0.2.1"
  checksum: 10c0/2e26c7370daea0725f2cc3b0a2e4b84613c44b68130ad2afa1364b51fd48ebdfe6390086807d7b5e95d58e8a872aca46a53bbc182c549cd74c0ee9b46de32b02
  languageName: node
  linkType: hard

"unescape-js@npm:^1.0.3":
  version: 1.1.4
  resolution: "unescape-js@npm:1.1.4"
  dependencies:
    string.fromcodepoint: "npm:^0.2.1"
  checksum: 10c0/4f7cda5c524cb4392d482eba11762dbc43ff8cd0d0d88c4deecdacb7ec04d9162595406f66c5fbe9a6a565aabf7f2f1cc1889d44d805b1e8326deb7b3b279484
  languageName: node
  linkType: hard

"uuid@npm:9.0.0":
  version: 9.0.0
  resolution: "uuid@npm:9.0.0"
  bin:
    uuid: dist/bin/uuid
  checksum: 10c0/8867e438990d1d33ac61093e2e4e3477a2148b844e4fa9e3c2360fa4399292429c4b6ec64537eb1659c97b2d10db349c673ad58b50e2824a11e0d3630de3c056
  languageName: node
  linkType: hard

"yarn-4@workspace:.":
  version: 0.0.0-use.local
  resolution: "yarn-4@workspace:."
  dependencies:
    "@types/node": "npm:16.11.26"
    echo-cli: "npm:2.0.0"
    uuid: "npm:9.0.0"
  languageName: unknown
  linkType: soft
